
Microsoft Visual Studio Solution File, Format Version 12.00
# Visual Studio Version 17
VisualStudioVersion = 17.11.35431.28
MinimumVisualStudioVersion = 10.0.40219.1
Project("{9A19103F-16F7-4668-BE54-9A1E7A4F7556}") = "Application", "Application\Application.csproj", "{BB65D198-1FCA-49B3-93BB-681BE23D5EAD}"
EndProject
Project("{9A19103F-16F7-4668-BE54-9A1E7A4F7556}") = "TaskApp.Services", "TaskApp.Services\TaskApp.Services.csproj", "{DDBF4A46-2FE9-4392-B425-FF6BE6EAFCC2}"
EndProject
Project("{2150E333-8FDC-42A3-9474-1A3956D46DE8}") = "Solution Items", "Solution Items", "{5A9AC142-A44A-4C18-8D49-D916B461EB09}"
	ProjectSection(SolutionItems) = preProject
		readme.md = readme.md
	EndProjectSection
EndProject
Global
	GlobalSection(SolutionConfigurationPlatforms) = preSolution
		Debug|Any CPU = Debug|Any CPU
		Release|Any CPU = Release|Any CPU
	EndGlobalSection
	GlobalSection(ProjectConfigurationPlatforms) = postSolution
		{BB65D198-1FCA-49B3-93BB-681BE23D5EAD}.Debug|Any CPU.ActiveCfg = Debug|Any CPU
		{BB65D198-1FCA-49B3-93BB-681BE23D5EAD}.Debug|Any CPU.Build.0 = Debug|Any CPU
		{BB65D198-1FCA-49B3-93BB-681BE23D5EAD}.Release|Any CPU.ActiveCfg = Release|Any CPU
		{BB65D198-1FCA-49B3-93BB-681BE23D5EAD}.Release|Any CPU.Build.0 = Release|Any CPU
		{DDBF4A46-2FE9-4392-B425-FF6BE6EAFCC2}.Debug|Any CPU.ActiveCfg = Debug|Any CPU
		{DDBF4A46-2FE9-4392-B425-FF6BE6EAFCC2}.Debug|Any CPU.Build.0 = Debug|Any CPU
		{DDBF4A46-2FE9-4392-B425-FF6BE6EAFCC2}.Release|Any CPU.ActiveCfg = Release|Any CPU
		{DDBF4A46-2FE9-4392-B425-FF6BE6EAFCC2}.Release|Any CPU.Build.0 = Release|Any CPU
	EndGlobalSection
	GlobalSection(SolutionProperties) = preSolution
		HideSolutionNode = FALSE
	EndGlobalSection
	GlobalSection(ExtensibilityGlobals) = postSolution
		SolutionGuid = {AA70E10C-5CEB-41AC-871D-705604C769B0}
	EndGlobalSection
EndGlobal
